
Microsoft Visual Studio Solution File, Format Version 12.00
# Visual Studio Version 16
VisualStudioVersion = 16.0.30413.136
MinimumVisualStudioVersion = 10.0.40219.1
Project("{FAE04EC0-301F-11D3-BF4B-00C04F79EFBC}") = "NeuralNetworkApplication", "NeuralApplication\NeuralNetworkApplication.csproj", "{F6839B29-800C-4BB3-8EF5-1A5BECE9FE77}"
EndProject
Project("{FAE04EC0-301F-11D3-BF4B-00C04F79EFBC}") = "NeuralNetworkDll", "NeuralNetworkDll\NeuralNetworkDll.csproj", "{55749A39-2150-4397-AEE5-ED5C5D9353D6}"
EndProject
Project("{FAE04EC0-301F-11D3-BF4B-00C04F79EFBC}") = "NeuralNetworks-Tadeusiewicz", "NeuralNetworks-Tadeusiewicz\NeuralNetworks-Tadeusiewicz.csproj", "{61A2E4A5-DEC8-4B32-AE8B-4B863054390D}"
EndProject
Global
	GlobalSection(SolutionConfigurationPlatforms) = preSolution
		Debug|Any CPU = Debug|Any CPU
		Release|Any CPU = Release|Any CPU
	EndGlobalSection
	GlobalSection(ProjectConfigurationPlatforms) = postSolution
		{F6839B29-800C-4BB3-8EF5-1A5BECE9FE77}.Debug|Any CPU.ActiveCfg = Debug|Any CPU
		{F6839B29-800C-4BB3-8EF5-1A5BECE9FE77}.Debug|Any CPU.Build.0 = Debug|Any CPU
		{F6839B29-800C-4BB3-8EF5-1A5BECE9FE77}.Release|Any CPU.ActiveCfg = Release|Any CPU
		{F6839B29-800C-4BB3-8EF5-1A5BECE9FE77}.Release|Any CPU.Build.0 = Release|Any CPU
		{55749A39-2150-4397-AEE5-ED5C5D9353D6}.Debug|Any CPU.ActiveCfg = Debug|Any CPU
		{55749A39-2150-4397-AEE5-ED5C5D9353D6}.Debug|Any CPU.Build.0 = Debug|Any CPU
		{55749A39-2150-4397-AEE5-ED5C5D9353D6}.Release|Any CPU.ActiveCfg = Release|Any CPU
		{55749A39-2150-4397-AEE5-ED5C5D9353D6}.Release|Any CPU.Build.0 = Release|Any CPU
		{61A2E4A5-DEC8-4B32-AE8B-4B863054390D}.Debug|Any CPU.ActiveCfg = Debug|Any CPU
		{61A2E4A5-DEC8-4B32-AE8B-4B863054390D}.Debug|Any CPU.Build.0 = Debug|Any CPU
		{61A2E4A5-DEC8-4B32-AE8B-4B863054390D}.Release|Any CPU.ActiveCfg = Release|Any CPU
		{61A2E4A5-DEC8-4B32-AE8B-4B863054390D}.Release|Any CPU.Build.0 = Release|Any CPU
	EndGlobalSection
	GlobalSection(SolutionProperties) = preSolution
		HideSolutionNode = FALSE
	EndGlobalSection
	GlobalSection(ExtensibilityGlobals) = postSolution
		SolutionGuid = {0994629A-56A6-4529-BD7C-95B583CC5B39}
	EndGlobalSection
EndGlobal
