
Microsoft Visual Studio Solution File, Format Version 12.00
# Visual Studio Version 16
VisualStudioVersion = 16.0.30413.136
MinimumVisualStudioVersion = 10.0.40219.1
Project("{2150E333-8FDC-42A3-9474-1A3956D46DE8}") = "Solution Items", "Solution Items", "{CF8F7577-B647-4483-A272-4C79D383BDEC}"
	ProjectSection(SolutionItems) = preProject
		Tutorial.html = Tutorial.html
		VERSION.txt = VERSION.txt
	EndProjectSection
EndProject
Project("{FAE04EC0-301F-11D3-BF4B-00C04F79EFBC}") = "LibraryTest", "LibraryTest\LibraryTest.csproj", "{58615DF5-0C81-40EC-A65A-0D1788F1385B}"
EndProject
Project("{FAE04EC0-301F-11D3-BF4B-00C04F79EFBC}") = "Example07a", "Example07a\Example07a.csproj", "{5A422AF9-40DE-480D-9165-874B6D3FB5C0}"
EndProject
Project("{FAE04EC0-301F-11D3-BF4B-00C04F79EFBC}") = "Example07b", "Example07b\Example07b.csproj", "{24E61D89-F7A9-45AF-A33A-532082672C06}"
EndProject
Project("{FAE04EC0-301F-11D3-BF4B-00C04F79EFBC}") = "Example07c", "Example07c\Example07c.csproj", "{C0609ACD-42D1-4408-A690-2974D19F497D}"
EndProject
Project("{FAE04EC0-301F-11D3-BF4B-00C04F79EFBC}") = "Controls", "Controls\Controls.csproj", "{F965BCB1-C181-436E-9928-5598CA657B63}"
EndProject
Project("{FAE04EC0-301F-11D3-BF4B-00C04F79EFBC}") = "Example01a", "Example01a\Example01a.csproj", "{C90FC143-3CF2-4057-B3C6-D53E64B037CA}"
EndProject
Project("{FAE04EC0-301F-11D3-BF4B-00C04F79EFBC}") = "Example01b", "Example01b\Example01b.csproj", "{12E3E087-76B0-4FEA-8764-F790272EA3C9}"
EndProject
Project("{FAE04EC0-301F-11D3-BF4B-00C04F79EFBC}") = "Example01c", "Example01c\Example01c.csproj", "{2DE1E074-52E7-4C33-95F9-E51CDFD9ABE4}"
EndProject
Project("{FAE04EC0-301F-11D3-BF4B-00C04F79EFBC}") = "NeuralNetworks", "NeuralNetworks\NeuralNetworks.csproj", "{61A2E4A5-DEC8-4B32-AE8B-4B863054390D}"
EndProject
Project("{FAE04EC0-301F-11D3-BF4B-00C04F79EFBC}") = "DataGridViewNumericUpDownElements", "DataGridViewNumericUpDownElements\DataGridViewNumericUpDownElements.csproj", "{82B50731-BE90-433F-BB6E-9B509C5F3B7C}"
EndProject
Project("{FAE04EC0-301F-11D3-BF4B-00C04F79EFBC}") = "Example04", "Example04\Example04.csproj", "{911F6C65-9737-47B6-B455-013B426A3134}"
EndProject
Project("{FAE04EC0-301F-11D3-BF4B-00C04F79EFBC}") = "Example08a", "Example08a\Example08a.csproj", "{5AE4CC23-011F-4D85-82B4-8D5D4D24B39D}"
	ProjectSection(ProjectDependencies) = postProject
		{61A2E4A5-DEC8-4B32-AE8B-4B863054390D} = {61A2E4A5-DEC8-4B32-AE8B-4B863054390D}
		{F965BCB1-C181-436E-9928-5598CA657B63} = {F965BCB1-C181-436E-9928-5598CA657B63}
		{58615DF5-0C81-40EC-A65A-0D1788F1385B} = {58615DF5-0C81-40EC-A65A-0D1788F1385B}
	EndProjectSection
EndProject
Project("{FAE04EC0-301F-11D3-BF4B-00C04F79EFBC}") = "Example08b", "Example08b\Example08b.csproj", "{39656CD2-3C10-4E11-91E5-331A85DE7784}"
EndProject
Project("{FAE04EC0-301F-11D3-BF4B-00C04F79EFBC}") = "Example02", "Example02\Example02.csproj", "{47D5CF1E-3089-4CD5-82FB-CD7D9F774F13}"
EndProject
Project("{FAE04EC0-301F-11D3-BF4B-00C04F79EFBC}") = "Example03", "Example03\Example03.csproj", "{96BB2030-C2F2-4C65-AB17-1AD864881EC9}"
EndProject
Project("{FAE04EC0-301F-11D3-BF4B-00C04F79EFBC}") = "Example06a", "Example06a\Example06a.csproj", "{4D8F8855-5841-4DFC-B789-0B4461926E35}"
EndProject
Project("{FAE04EC0-301F-11D3-BF4B-00C04F79EFBC}") = "Example06b", "Example06b\Example06b.csproj", "{8B603928-70A7-4AF3-953E-F5086839EBDF}"
EndProject
Project("{54435603-DBB4-11D2-8724-00A0C9A8B90C}") = "Setup", "Setup\Setup.vdproj", "{17C97855-21CF-4CE3-9E3F-C8EE233C5BA7}"
EndProject
Project("{FAE04EC0-301F-11D3-BF4B-00C04F79EFBC}") = "Example06c", "Example06c\Example06c.csproj", "{263339AA-5894-4AA7-BACA-6D74A0846A33}"
EndProject
Project("{FAE04EC0-301F-11D3-BF4B-00C04F79EFBC}") = "Example06d", "Example06d\Example06d.csproj", "{4F0770DA-69DE-4B9F-A7B7-8FC5BD543427}"
EndProject
Project("{FAE04EC0-301F-11D3-BF4B-00C04F79EFBC}") = "Example06e", "Example06e\Example06e.csproj", "{6936609A-3FE3-4CF1-BB5D-6889BFCB420A}"
EndProject
Project("{FAE04EC0-301F-11D3-BF4B-00C04F79EFBC}") = "Example10a", "Example10a\Example10a.csproj", "{C914955F-8DD7-40A5-BC71-72021A4E51B6}"
EndProject
Project("{FAE04EC0-301F-11D3-BF4B-00C04F79EFBC}") = "Example10ax", "Example10ax\Example10ax.csproj", "{CFAC5178-6B85-4287-95AB-5E8B34D5B3C2}"
EndProject
Project("{FAE04EC0-301F-11D3-BF4B-00C04F79EFBC}") = "Example10b", "Example10b\Example10b.csproj", "{A953D1AE-6D56-4315-ADBF-98B106B06279}"
EndProject
Project("{FAE04EC0-301F-11D3-BF4B-00C04F79EFBC}") = "Example10c", "Example10c\Example10c.csproj", "{74BE6DB7-DFCC-47DE-8C52-4B16FC9C2F73}"
EndProject
Project("{FAE04EC0-301F-11D3-BF4B-00C04F79EFBC}") = "Example11", "Example11\Example11.csproj", "{8883A79D-4DA7-4C95-8444-4655D62D6AF3}"
EndProject
Project("{FAE04EC0-301F-11D3-BF4B-00C04F79EFBC}") = "Example12a", "Example12a\Example12a.csproj", "{47CA1DA9-0D1C-48BC-BD08-1467A742B0BF}"
EndProject
Project("{FAE04EC0-301F-11D3-BF4B-00C04F79EFBC}") = "Example05", "Example05\Example05.csproj", "{A1F18741-CD51-4464-840B-5D6D3DA37012}"
EndProject
Project("{FAE04EC0-301F-11D3-BF4B-00C04F79EFBC}") = "Example09", "Example09\Example09.csproj", "{F33E794A-51E3-486D-8AE9-FC159F2A5C13}"
EndProject
Project("{FAE04EC0-301F-11D3-BF4B-00C04F79EFBC}") = "Example12b", "Example12b\Example12b.csproj", "{735219CC-89B1-4425-9CDE-35EACFDCF5DC}"
EndProject
Global
	GlobalSection(SolutionConfigurationPlatforms) = preSolution
		Debug|Any CPU = Debug|Any CPU
		Release|Any CPU = Release|Any CPU
	EndGlobalSection
	GlobalSection(ProjectConfigurationPlatforms) = postSolution
		{58615DF5-0C81-40EC-A65A-0D1788F1385B}.Debug|Any CPU.ActiveCfg = Debug|Any CPU
		{58615DF5-0C81-40EC-A65A-0D1788F1385B}.Debug|Any CPU.Build.0 = Debug|Any CPU
		{58615DF5-0C81-40EC-A65A-0D1788F1385B}.Release|Any CPU.ActiveCfg = Release|Any CPU
		{58615DF5-0C81-40EC-A65A-0D1788F1385B}.Release|Any CPU.Build.0 = Release|Any CPU
		{5A422AF9-40DE-480D-9165-874B6D3FB5C0}.Debug|Any CPU.ActiveCfg = Debug|Any CPU
		{5A422AF9-40DE-480D-9165-874B6D3FB5C0}.Debug|Any CPU.Build.0 = Debug|Any CPU
		{5A422AF9-40DE-480D-9165-874B6D3FB5C0}.Release|Any CPU.ActiveCfg = Release|Any CPU
		{5A422AF9-40DE-480D-9165-874B6D3FB5C0}.Release|Any CPU.Build.0 = Release|Any CPU
		{24E61D89-F7A9-45AF-A33A-532082672C06}.Debug|Any CPU.ActiveCfg = Debug|Any CPU
		{24E61D89-F7A9-45AF-A33A-532082672C06}.Debug|Any CPU.Build.0 = Debug|Any CPU
		{24E61D89-F7A9-45AF-A33A-532082672C06}.Release|Any CPU.ActiveCfg = Release|Any CPU
		{24E61D89-F7A9-45AF-A33A-532082672C06}.Release|Any CPU.Build.0 = Release|Any CPU
		{C0609ACD-42D1-4408-A690-2974D19F497D}.Debug|Any CPU.ActiveCfg = Debug|Any CPU
		{C0609ACD-42D1-4408-A690-2974D19F497D}.Debug|Any CPU.Build.0 = Debug|Any CPU
		{C0609ACD-42D1-4408-A690-2974D19F497D}.Release|Any CPU.ActiveCfg = Release|Any CPU
		{C0609ACD-42D1-4408-A690-2974D19F497D}.Release|Any CPU.Build.0 = Release|Any CPU
		{F965BCB1-C181-436E-9928-5598CA657B63}.Debug|Any CPU.ActiveCfg = Debug|Any CPU
		{F965BCB1-C181-436E-9928-5598CA657B63}.Debug|Any CPU.Build.0 = Debug|Any CPU
		{F965BCB1-C181-436E-9928-5598CA657B63}.Release|Any CPU.ActiveCfg = Release|Any CPU
		{F965BCB1-C181-436E-9928-5598CA657B63}.Release|Any CPU.Build.0 = Release|Any CPU
		{C90FC143-3CF2-4057-B3C6-D53E64B037CA}.Debug|Any CPU.ActiveCfg = Debug|Any CPU
		{C90FC143-3CF2-4057-B3C6-D53E64B037CA}.Debug|Any CPU.Build.0 = Debug|Any CPU
		{C90FC143-3CF2-4057-B3C6-D53E64B037CA}.Release|Any CPU.ActiveCfg = Release|Any CPU
		{C90FC143-3CF2-4057-B3C6-D53E64B037CA}.Release|Any CPU.Build.0 = Release|Any CPU
		{12E3E087-76B0-4FEA-8764-F790272EA3C9}.Debug|Any CPU.ActiveCfg = Debug|Any CPU
		{12E3E087-76B0-4FEA-8764-F790272EA3C9}.Debug|Any CPU.Build.0 = Debug|Any CPU
		{12E3E087-76B0-4FEA-8764-F790272EA3C9}.Release|Any CPU.ActiveCfg = Release|Any CPU
		{12E3E087-76B0-4FEA-8764-F790272EA3C9}.Release|Any CPU.Build.0 = Release|Any CPU
		{2DE1E074-52E7-4C33-95F9-E51CDFD9ABE4}.Debug|Any CPU.ActiveCfg = Debug|Any CPU
		{2DE1E074-52E7-4C33-95F9-E51CDFD9ABE4}.Debug|Any CPU.Build.0 = Debug|Any CPU
		{2DE1E074-52E7-4C33-95F9-E51CDFD9ABE4}.Release|Any CPU.ActiveCfg = Release|Any CPU
		{2DE1E074-52E7-4C33-95F9-E51CDFD9ABE4}.Release|Any CPU.Build.0 = Release|Any CPU
		{61A2E4A5-DEC8-4B32-AE8B-4B863054390D}.Debug|Any CPU.ActiveCfg = Debug|Any CPU
		{61A2E4A5-DEC8-4B32-AE8B-4B863054390D}.Debug|Any CPU.Build.0 = Debug|Any CPU
		{61A2E4A5-DEC8-4B32-AE8B-4B863054390D}.Release|Any CPU.ActiveCfg = Release|Any CPU
		{61A2E4A5-DEC8-4B32-AE8B-4B863054390D}.Release|Any CPU.Build.0 = Release|Any CPU
		{82B50731-BE90-433F-BB6E-9B509C5F3B7C}.Debug|Any CPU.ActiveCfg = Debug|Any CPU
		{82B50731-BE90-433F-BB6E-9B509C5F3B7C}.Debug|Any CPU.Build.0 = Debug|Any CPU
		{82B50731-BE90-433F-BB6E-9B509C5F3B7C}.Release|Any CPU.ActiveCfg = Release|Any CPU
		{82B50731-BE90-433F-BB6E-9B509C5F3B7C}.Release|Any CPU.Build.0 = Release|Any CPU
		{911F6C65-9737-47B6-B455-013B426A3134}.Debug|Any CPU.ActiveCfg = Debug|Any CPU
		{911F6C65-9737-47B6-B455-013B426A3134}.Debug|Any CPU.Build.0 = Debug|Any CPU
		{911F6C65-9737-47B6-B455-013B426A3134}.Release|Any CPU.ActiveCfg = Release|Any CPU
		{911F6C65-9737-47B6-B455-013B426A3134}.Release|Any CPU.Build.0 = Release|Any CPU
		{5AE4CC23-011F-4D85-82B4-8D5D4D24B39D}.Debug|Any CPU.ActiveCfg = Debug|Any CPU
		{5AE4CC23-011F-4D85-82B4-8D5D4D24B39D}.Debug|Any CPU.Build.0 = Debug|Any CPU
		{5AE4CC23-011F-4D85-82B4-8D5D4D24B39D}.Release|Any CPU.ActiveCfg = Release|Any CPU
		{5AE4CC23-011F-4D85-82B4-8D5D4D24B39D}.Release|Any CPU.Build.0 = Release|Any CPU
		{39656CD2-3C10-4E11-91E5-331A85DE7784}.Debug|Any CPU.ActiveCfg = Debug|Any CPU
		{39656CD2-3C10-4E11-91E5-331A85DE7784}.Debug|Any CPU.Build.0 = Debug|Any CPU
		{39656CD2-3C10-4E11-91E5-331A85DE7784}.Release|Any CPU.ActiveCfg = Release|Any CPU
		{39656CD2-3C10-4E11-91E5-331A85DE7784}.Release|Any CPU.Build.0 = Release|Any CPU
		{47D5CF1E-3089-4CD5-82FB-CD7D9F774F13}.Debug|Any CPU.ActiveCfg = Debug|Any CPU
		{47D5CF1E-3089-4CD5-82FB-CD7D9F774F13}.Debug|Any CPU.Build.0 = Debug|Any CPU
		{47D5CF1E-3089-4CD5-82FB-CD7D9F774F13}.Release|Any CPU.ActiveCfg = Release|Any CPU
		{47D5CF1E-3089-4CD5-82FB-CD7D9F774F13}.Release|Any CPU.Build.0 = Release|Any CPU
		{96BB2030-C2F2-4C65-AB17-1AD864881EC9}.Debug|Any CPU.ActiveCfg = Debug|Any CPU
		{96BB2030-C2F2-4C65-AB17-1AD864881EC9}.Debug|Any CPU.Build.0 = Debug|Any CPU
		{96BB2030-C2F2-4C65-AB17-1AD864881EC9}.Release|Any CPU.ActiveCfg = Release|Any CPU
		{96BB2030-C2F2-4C65-AB17-1AD864881EC9}.Release|Any CPU.Build.0 = Release|Any CPU
		{4D8F8855-5841-4DFC-B789-0B4461926E35}.Debug|Any CPU.ActiveCfg = Debug|Any CPU
		{4D8F8855-5841-4DFC-B789-0B4461926E35}.Debug|Any CPU.Build.0 = Debug|Any CPU
		{4D8F8855-5841-4DFC-B789-0B4461926E35}.Release|Any CPU.ActiveCfg = Release|Any CPU
		{4D8F8855-5841-4DFC-B789-0B4461926E35}.Release|Any CPU.Build.0 = Release|Any CPU
		{8B603928-70A7-4AF3-953E-F5086839EBDF}.Debug|Any CPU.ActiveCfg = Debug|Any CPU
		{8B603928-70A7-4AF3-953E-F5086839EBDF}.Debug|Any CPU.Build.0 = Debug|Any CPU
		{8B603928-70A7-4AF3-953E-F5086839EBDF}.Release|Any CPU.ActiveCfg = Release|Any CPU
		{8B603928-70A7-4AF3-953E-F5086839EBDF}.Release|Any CPU.Build.0 = Release|Any CPU
		{17C97855-21CF-4CE3-9E3F-C8EE233C5BA7}.Debug|Any CPU.ActiveCfg = Debug
		{17C97855-21CF-4CE3-9E3F-C8EE233C5BA7}.Release|Any CPU.ActiveCfg = Release
		{263339AA-5894-4AA7-BACA-6D74A0846A33}.Debug|Any CPU.ActiveCfg = Debug|Any CPU
		{263339AA-5894-4AA7-BACA-6D74A0846A33}.Debug|Any CPU.Build.0 = Debug|Any CPU
		{263339AA-5894-4AA7-BACA-6D74A0846A33}.Release|Any CPU.ActiveCfg = Release|Any CPU
		{263339AA-5894-4AA7-BACA-6D74A0846A33}.Release|Any CPU.Build.0 = Release|Any CPU
		{4F0770DA-69DE-4B9F-A7B7-8FC5BD543427}.Debug|Any CPU.ActiveCfg = Debug|Any CPU
		{4F0770DA-69DE-4B9F-A7B7-8FC5BD543427}.Debug|Any CPU.Build.0 = Debug|Any CPU
		{4F0770DA-69DE-4B9F-A7B7-8FC5BD543427}.Release|Any CPU.ActiveCfg = Release|Any CPU
		{4F0770DA-69DE-4B9F-A7B7-8FC5BD543427}.Release|Any CPU.Build.0 = Release|Any CPU
		{6936609A-3FE3-4CF1-BB5D-6889BFCB420A}.Debug|Any CPU.ActiveCfg = Debug|Any CPU
		{6936609A-3FE3-4CF1-BB5D-6889BFCB420A}.Debug|Any CPU.Build.0 = Debug|Any CPU
		{6936609A-3FE3-4CF1-BB5D-6889BFCB420A}.Release|Any CPU.ActiveCfg = Release|Any CPU
		{6936609A-3FE3-4CF1-BB5D-6889BFCB420A}.Release|Any CPU.Build.0 = Release|Any CPU
		{C914955F-8DD7-40A5-BC71-72021A4E51B6}.Debug|Any CPU.ActiveCfg = Debug|Any CPU
		{C914955F-8DD7-40A5-BC71-72021A4E51B6}.Debug|Any CPU.Build.0 = Debug|Any CPU
		{C914955F-8DD7-40A5-BC71-72021A4E51B6}.Release|Any CPU.ActiveCfg = Release|Any CPU
		{C914955F-8DD7-40A5-BC71-72021A4E51B6}.Release|Any CPU.Build.0 = Release|Any CPU
		{CFAC5178-6B85-4287-95AB-5E8B34D5B3C2}.Debug|Any CPU.ActiveCfg = Debug|Any CPU
		{CFAC5178-6B85-4287-95AB-5E8B34D5B3C2}.Debug|Any CPU.Build.0 = Debug|Any CPU
		{CFAC5178-6B85-4287-95AB-5E8B34D5B3C2}.Release|Any CPU.ActiveCfg = Release|Any CPU
		{CFAC5178-6B85-4287-95AB-5E8B34D5B3C2}.Release|Any CPU.Build.0 = Release|Any CPU
		{A953D1AE-6D56-4315-ADBF-98B106B06279}.Debug|Any CPU.ActiveCfg = Debug|Any CPU
		{A953D1AE-6D56-4315-ADBF-98B106B06279}.Debug|Any CPU.Build.0 = Debug|Any CPU
		{A953D1AE-6D56-4315-ADBF-98B106B06279}.Release|Any CPU.ActiveCfg = Release|Any CPU
		{A953D1AE-6D56-4315-ADBF-98B106B06279}.Release|Any CPU.Build.0 = Release|Any CPU
		{74BE6DB7-DFCC-47DE-8C52-4B16FC9C2F73}.Debug|Any CPU.ActiveCfg = Debug|Any CPU
		{74BE6DB7-DFCC-47DE-8C52-4B16FC9C2F73}.Debug|Any CPU.Build.0 = Debug|Any CPU
		{74BE6DB7-DFCC-47DE-8C52-4B16FC9C2F73}.Release|Any CPU.ActiveCfg = Release|Any CPU
		{74BE6DB7-DFCC-47DE-8C52-4B16FC9C2F73}.Release|Any CPU.Build.0 = Release|Any CPU
		{8883A79D-4DA7-4C95-8444-4655D62D6AF3}.Debug|Any CPU.ActiveCfg = Debug|Any CPU
		{8883A79D-4DA7-4C95-8444-4655D62D6AF3}.Debug|Any CPU.Build.0 = Debug|Any CPU
		{8883A79D-4DA7-4C95-8444-4655D62D6AF3}.Release|Any CPU.ActiveCfg = Release|Any CPU
		{8883A79D-4DA7-4C95-8444-4655D62D6AF3}.Release|Any CPU.Build.0 = Release|Any CPU
		{47CA1DA9-0D1C-48BC-BD08-1467A742B0BF}.Debug|Any CPU.ActiveCfg = Debug|Any CPU
		{47CA1DA9-0D1C-48BC-BD08-1467A742B0BF}.Debug|Any CPU.Build.0 = Debug|Any CPU
		{47CA1DA9-0D1C-48BC-BD08-1467A742B0BF}.Release|Any CPU.ActiveCfg = Release|Any CPU
		{47CA1DA9-0D1C-48BC-BD08-1467A742B0BF}.Release|Any CPU.Build.0 = Release|Any CPU
		{A1F18741-CD51-4464-840B-5D6D3DA37012}.Debug|Any CPU.ActiveCfg = Debug|Any CPU
		{A1F18741-CD51-4464-840B-5D6D3DA37012}.Debug|Any CPU.Build.0 = Debug|Any CPU
		{A1F18741-CD51-4464-840B-5D6D3DA37012}.Release|Any CPU.ActiveCfg = Release|Any CPU
		{A1F18741-CD51-4464-840B-5D6D3DA37012}.Release|Any CPU.Build.0 = Release|Any CPU
		{F33E794A-51E3-486D-8AE9-FC159F2A5C13}.Debug|Any CPU.ActiveCfg = Debug|Any CPU
		{F33E794A-51E3-486D-8AE9-FC159F2A5C13}.Debug|Any CPU.Build.0 = Debug|Any CPU
		{F33E794A-51E3-486D-8AE9-FC159F2A5C13}.Release|Any CPU.ActiveCfg = Release|Any CPU
		{F33E794A-51E3-486D-8AE9-FC159F2A5C13}.Release|Any CPU.Build.0 = Release|Any CPU
		{735219CC-89B1-4425-9CDE-35EACFDCF5DC}.Debug|Any CPU.ActiveCfg = Debug|Any CPU
		{735219CC-89B1-4425-9CDE-35EACFDCF5DC}.Debug|Any CPU.Build.0 = Debug|Any CPU
		{735219CC-89B1-4425-9CDE-35EACFDCF5DC}.Release|Any CPU.ActiveCfg = Release|Any CPU
		{735219CC-89B1-4425-9CDE-35EACFDCF5DC}.Release|Any CPU.Build.0 = Release|Any CPU
	EndGlobalSection
	GlobalSection(SolutionProperties) = preSolution
		HideSolutionNode = FALSE
	EndGlobalSection
	GlobalSection(ExtensibilityGlobals) = postSolution
		SolutionGuid = {E655DB9F-C6C5-4E4C-8AF0-D1FDDD6A9D78}
	EndGlobalSection
EndGlobal
