
Microsoft Visual Studio Solution File, Format Version 12.00
# Visual Studio 15
VisualStudioVersion = 15.0.28010.2016
MinimumVisualStudioVersion = 10.0.40219.1
Project("{FAE04EC0-301F-11D3-BF4B-00C04F79EFBC}") = "KIK", "KIK\KIK.csproj", "{9EE58F92-26A3-4CC4-BC40-34B03CBCC046}"
EndProject
Global
	GlobalSection(SolutionConfigurationPlatforms) = preSolution
		Debug|Any CPU = Debug|Any CPU
		Release|Any CPU = Release|Any CPU
	EndGlobalSection
	GlobalSection(ProjectConfigurationPlatforms) = postSolution
		{9EE58F92-26A3-4CC4-BC40-34B03CBCC046}.Debug|Any CPU.ActiveCfg = Debug|Any CPU
		{9EE58F92-26A3-4CC4-BC40-34B03CBCC046}.Debug|Any CPU.Build.0 = Debug|Any CPU
		{9EE58F92-26A3-4CC4-BC40-34B03CBCC046}.Release|Any CPU.ActiveCfg = Release|Any CPU
		{9EE58F92-26A3-4CC4-BC40-34B03CBCC046}.Release|Any CPU.Build.0 = Release|Any CPU
	EndGlobalSection
	GlobalSection(SolutionProperties) = preSolution
		HideSolutionNode = FALSE
	EndGlobalSection
	GlobalSection(ExtensibilityGlobals) = postSolution
		SolutionGuid = {B3BBAC4B-CBE8-4A7A-88B1-69B3C75D37E3}
	EndGlobalSection
EndGlobal
