
Microsoft Visual Studio Solution File, Format Version 12.00
# Visual Studio Version 16
VisualStudioVersion = 16.0.30413.136
MinimumVisualStudioVersion = 10.0.40219.1
Project("{FAE04EC0-301F-11D3-BF4B-00C04F79EFBC}") = "Data for neural networks", "Data for neural networks\Data for neural networks.csproj", "{3B232461-9ACF-46C2-96F3-891899DE4B21}"
EndProject
Project("{FAE04EC0-301F-11D3-BF4B-00C04F79EFBC}") = "NeuralNetworkDll", "..\NeuralNetworkDll\NeuralNetworkDll.csproj", "{55749A39-2150-4397-AEE5-ED5C5D9353D6}"
EndProject
Global
	GlobalSection(SolutionConfigurationPlatforms) = preSolution
		Debug|Any CPU = Debug|Any CPU
		Release|Any CPU = Release|Any CPU
	EndGlobalSection
	GlobalSection(ProjectConfigurationPlatforms) = postSolution
		{3B232461-9ACF-46C2-96F3-891899DE4B21}.Debug|Any CPU.ActiveCfg = Debug|Any CPU
		{3B232461-9ACF-46C2-96F3-891899DE4B21}.Debug|Any CPU.Build.0 = Debug|Any CPU
		{3B232461-9ACF-46C2-96F3-891899DE4B21}.Release|Any CPU.ActiveCfg = Release|Any CPU
		{3B232461-9ACF-46C2-96F3-891899DE4B21}.Release|Any CPU.Build.0 = Release|Any CPU
		{55749A39-2150-4397-AEE5-ED5C5D9353D6}.Debug|Any CPU.ActiveCfg = Debug|Any CPU
		{55749A39-2150-4397-AEE5-ED5C5D9353D6}.Debug|Any CPU.Build.0 = Debug|Any CPU
		{55749A39-2150-4397-AEE5-ED5C5D9353D6}.Release|Any CPU.ActiveCfg = Release|Any CPU
		{55749A39-2150-4397-AEE5-ED5C5D9353D6}.Release|Any CPU.Build.0 = Release|Any CPU
	EndGlobalSection
	GlobalSection(SolutionProperties) = preSolution
		HideSolutionNode = FALSE
	EndGlobalSection
	GlobalSection(ExtensibilityGlobals) = postSolution
		SolutionGuid = {7DD84EBA-812C-4FFD-B9B4-A73441A48D1D}
	EndGlobalSection
EndGlobal
